
Microsoft Visual Studio Solution File, Format Version 12.00
# Visual Studio 15
VisualStudioVersion = 15.0.28307.168
MinimumVisualStudioVersion = 10.0.40219.1
Project("{FAE04EC0-301F-11D3-BF4B-00C04F79EFBC}") = "Sales and Inventory For Marj Hardware", "Sales and Inventory For Marj Hardware\Sales and Inventory For Marj Hardware.csproj", "{39B220DE-A90B-4D11-A002-704CD3E59271}"
EndProject
Global
	GlobalSection(SolutionConfigurationPlatforms) = preSolution
		Debug|Any CPU = Debug|Any CPU
		Release|Any CPU = Release|Any CPU
	EndGlobalSection
	GlobalSection(ProjectConfigurationPlatforms) = postSolution
		{39B220DE-A90B-4D11-A002-704CD3E59271}.Debug|Any CPU.ActiveCfg = Debug|Any CPU
		{39B220DE-A90B-4D11-A002-704CD3E59271}.Debug|Any CPU.Build.0 = Debug|Any CPU
		{39B220DE-A90B-4D11-A002-704CD3E59271}.Release|Any CPU.ActiveCfg = Release|Any CPU
		{39B220DE-A90B-4D11-A002-704CD3E59271}.Release|Any CPU.Build.0 = Release|Any CPU
	EndGlobalSection
	GlobalSection(SolutionProperties) = preSolution
		HideSolutionNode = FALSE
	EndGlobalSection
	GlobalSection(ExtensibilityGlobals) = postSolution
		SolutionGuid = {E4A553D0-288A-4665-AAC5-7802E2D25ECD}
	EndGlobalSection
EndGlobal
